// !$*UTF8*$!
{
	archiveVersion = 1;
	classes = {
	};
	objectVersion = 46;
	objects = {

/* Begin PBXBuildFile section */
		5AFB8B6FA2F5B9FBD8FF63C1 /* libPods-Marvel-HeroesUITests.a in Frameworks */ = {isa = PBXBuildFile; fileRef = 53BF8E36B3A189142A04CDC0 /* libPods-Marvel-HeroesUITests.a */; };
		D16D6B743AFD02FF9AD0009E /* libPods-Marvel-HeroesTests.a in Frameworks */ = {isa = PBXBuildFile; fileRef = 1081C0DB279530250909E72A /* libPods-Marvel-HeroesTests.a */; };
		D4855E611DC14B5D00AACE10 /* JMHWebViewViewController.m in Sources */ = {isa = PBXBuildFile; fileRef = D4855E601DC14B5D00AACE10 /* JMHWebViewViewController.m */; };
		D498AF7B1DBFE32700ABF743 /* JMHCollectionViewCell.m in Sources */ = {isa = PBXBuildFile; fileRef = D498AF7A1DBFE32700ABF743 /* JMHCollectionViewCell.m */; };
		D498AF7E1DBFE59100ABF743 /* Hero.m in Sources */ = {isa = PBXBuildFile; fileRef = D498AF7D1DBFE59100ABF743 /* Hero.m */; };
		D498AF811DBFE70100ABF743 /* NetworkManager.m in Sources */ = {isa = PBXBuildFile; fileRef = D498AF801DBFE70100ABF743 /* NetworkManager.m */; };
		D498AF841DBFEA9000ABF743 /* HeroManager.m in Sources */ = {isa = PBXBuildFile; fileRef = D498AF831DBFEA9000ABF743 /* HeroManager.m */; };
		D4AE875C1DBEBF740018222B /* main.m in Sources */ = {isa = PBXBuildFile; fileRef = D4AE875B1DBEBF740018222B /* main.m */; };
		D4AE875F1DBEBF740018222B /* AppDelegate.m in Sources */ = {isa = PBXBuildFile; fileRef = D4AE875E1DBEBF740018222B /* AppDelegate.m */; };
		D4AE87651DBEBF740018222B /* Main.storyboard in Resources */ = {isa = PBXBuildFile; fileRef = D4AE87631DBEBF740018222B /* Main.storyboard */; };
		D4AE87671DBEBF740018222B /* Assets.xcassets in Resources */ = {isa = PBXBuildFile; fileRef = D4AE87661DBEBF740018222B /* Assets.xcassets */; };
		D4AE876A1DBEBF740018222B /* LaunchScreen.storyboard in Resources */ = {isa = PBXBuildFile; fileRef = D4AE87681DBEBF740018222B /* LaunchScreen.storyboard */; };
		D4AE87751DBEBF740018222B /* Marvel_HeroesTests.m in Sources */ = {isa = PBXBuildFile; fileRef = D4AE87741DBEBF740018222B /* Marvel_HeroesTests.m */; };
		D4AE87801DBEBF740018222B /* Marvel_HeroesUITests.m in Sources */ = {isa = PBXBuildFile; fileRef = D4AE877F1DBEBF740018222B /* Marvel_HeroesUITests.m */; };
		D4AE87901DBEC2600018222B /* JMHCollectionViewController.m in Sources */ = {isa = PBXBuildFile; fileRef = D4AE878F1DBEC2600018222B /* JMHCollectionViewController.m */; };
		D4EDB00A1DC11CB9001540DD /* JMHDetailViewController.m in Sources */ = {isa = PBXBuildFile; fileRef = D4EDB0091DC11CB9001540DD /* JMHDetailViewController.m */; };
		FCF6F22F4923B3C2114CFC1B /* libPods-Marvel-Heroes.a in Frameworks */ = {isa = PBXBuildFile; fileRef = FC5E1BCE4DE34F115789C4D9 /* libPods-Marvel-Heroes.a */; };
/* End PBXBuildFile section */

/* Begin PBXContainerItemProxy section */
		D4AE87711DBEBF740018222B /* PBXContainerItemProxy */ = {
			isa = PBXContainerItemProxy;
			containerPortal = D4AE874F1DBEBF740018222B /* Project object */;
			proxyType = 1;
			remoteGlobalIDString = D4AE87561DBEBF740018222B;
			remoteInfo = "Marvel-Heroes";
		};
		D4AE877C1DBEBF740018222B /* PBXContainerItemProxy */ = {
			isa = PBXContainerItemProxy;
			containerPortal = D4AE874F1DBEBF740018222B /* Project object */;
			proxyType = 1;
			remoteGlobalIDString = D4AE87561DBEBF740018222B;
			remoteInfo = "Marvel-Heroes";
		};
/* End PBXContainerItemProxy section */

/* Begin PBXFileReference section */
		1081C0DB279530250909E72A /* libPods-Marvel-HeroesTests.a */ = {isa = PBXFileReference; explicitFileType = archive.ar; includeInIndex = 0; path = "libPods-Marvel-HeroesTests.a"; sourceTree = BUILT_PRODUCTS_DIR; };
		53BF8E36B3A189142A04CDC0 /* libPods-Marvel-HeroesUITests.a */ = {isa = PBXFileReference; explicitFileType = archive.ar; includeInIndex = 0; path = "libPods-Marvel-HeroesUITests.a"; sourceTree = BUILT_PRODUCTS_DIR; };
		71E4289D1370C6034748251E /* Pods-Marvel-HeroesUITests.debug.xcconfig */ = {isa = PBXFileReference; includeInIndex = 1; lastKnownFileType = text.xcconfig; name = "Pods-Marvel-HeroesUITests.debug.xcconfig"; path = "Pods/Target Support Files/Pods-Marvel-HeroesUITests/Pods-Marvel-HeroesUITests.debug.xcconfig"; sourceTree = "<group>"; };
		7A2A623972B114A388D22C85 /* Pods-Marvel-Heroes.debug.xcconfig */ = {isa = PBXFileReference; includeInIndex = 1; lastKnownFileType = text.xcconfig; name = "Pods-Marvel-Heroes.debug.xcconfig"; path = "Pods/Target Support Files/Pods-Marvel-Heroes/Pods-Marvel-Heroes.debug.xcconfig"; sourceTree = "<group>"; };
		AD35AFE64786C6C6ACD5574B /* Pods-Marvel-HeroesTests.release.xcconfig */ = {isa = PBXFileReference; includeInIndex = 1; lastKnownFileType = text.xcconfig; name = "Pods-Marvel-HeroesTests.release.xcconfig"; path = "Pods/Target Support Files/Pods-Marvel-HeroesTests/Pods-Marvel-HeroesTests.release.xcconfig"; sourceTree = "<group>"; };
		BDD3501BA52875FA8E8CF338 /* Pods-Marvel-HeroesTests.debug.xcconfig */ = {isa = PBXFileReference; includeInIndex = 1; lastKnownFileType = text.xcconfig; name = "Pods-Marvel-HeroesTests.debug.xcconfig"; path = "Pods/Target Support Files/Pods-Marvel-HeroesTests/Pods-Marvel-HeroesTests.debug.xcconfig"; sourceTree = "<group>"; };
		D4855E5F1DC14B5D00AACE10 /* JMHWebViewViewController.h */ = {isa = PBXFileReference; fileEncoding = 4; lastKnownFileType = sourcecode.c.h; path = JMHWebViewViewController.h; sourceTree = "<group>"; };
		D4855E601DC14B5D00AACE10 /* JMHWebViewViewController.m */ = {isa = PBXFileReference; fileEncoding = 4; lastKnownFileType = sourcecode.c.objc; path = JMHWebViewViewController.m; sourceTree = "<group>"; };
		D498AF791DBFE32700ABF743 /* JMHCollectionViewCell.h */ = {isa = PBXFileReference; fileEncoding = 4; lastKnownFileType = sourcecode.c.h; path = JMHCollectionViewCell.h; sourceTree = "<group>"; };
		D498AF7A1DBFE32700ABF743 /* JMHCollectionViewCell.m */ = {isa = PBXFileReference; fileEncoding = 4; lastKnownFileType = sourcecode.c.objc; path = JMHCollectionViewCell.m; sourceTree = "<group>"; };
		D498AF7C1DBFE59100ABF743 /* Hero.h */ = {isa = PBXFileReference; fileEncoding = 4; lastKnownFileType = sourcecode.c.h; path = Hero.h; sourceTree = "<group>"; };
		D498AF7D1DBFE59100ABF743 /* Hero.m */ = {isa = PBXFileReference; fileEncoding = 4; lastKnownFileType = sourcecode.c.objc; path = Hero.m; sourceTree = "<group>"; };
		D498AF7F1DBFE70100ABF743 /* NetworkManager.h */ = {isa = PBXFileReference; fileEncoding = 4; lastKnownFileType = sourcecode.c.h; path = NetworkManager.h; sourceTree = "<group>"; };
		D498AF801DBFE70100ABF743 /* NetworkManager.m */ = {isa = PBXFileReference; fileEncoding = 4; lastKnownFileType = sourcecode.c.objc; path = NetworkManager.m; sourceTree = "<group>"; };
		D498AF821DBFEA9000ABF743 /* HeroManager.h */ = {isa = PBXFileReference; fileEncoding = 4; lastKnownFileType = sourcecode.c.h; path = HeroManager.h; sourceTree = "<group>"; };
		D498AF831DBFEA9000ABF743 /* HeroManager.m */ = {isa = PBXFileReference; fileEncoding = 4; lastKnownFileType = sourcecode.c.objc; path = HeroManager.m; sourceTree = "<group>"; };
		D4AE87571DBEBF740018222B /* Marvel-Heroes.app */ = {isa = PBXFileReference; explicitFileType = wrapper.application; includeInIndex = 0; path = "Marvel-Heroes.app"; sourceTree = BUILT_PRODUCTS_DIR; };
		D4AE875B1DBEBF740018222B /* main.m */ = {isa = PBXFileReference; lastKnownFileType = sourcecode.c.objc; path = main.m; sourceTree = "<group>"; };
		D4AE875D1DBEBF740018222B /* AppDelegate.h */ = {isa = PBXFileReference; lastKnownFileType = sourcecode.c.h; path = AppDelegate.h; sourceTree = "<group>"; };
		D4AE875E1DBEBF740018222B /* AppDelegate.m */ = {isa = PBXFileReference; lastKnownFileType = sourcecode.c.objc; path = AppDelegate.m; sourceTree = "<group>"; };
		D4AE87641DBEBF740018222B /* Base */ = {isa = PBXFileReference; lastKnownFileType = file.storyboard; name = Base; path = Base.lproj/Main.storyboard; sourceTree = "<group>"; };
		D4AE87661DBEBF740018222B /* Assets.xcassets */ = {isa = PBXFileReference; lastKnownFileType = folder.assetcatalog; path = Assets.xcassets; sourceTree = "<group>"; };
		D4AE87691DBEBF740018222B /* Base */ = {isa = PBXFileReference; lastKnownFileType = file.storyboard; name = Base; path = Base.lproj/LaunchScreen.storyboard; sourceTree = "<group>"; };
		D4AE876B1DBEBF740018222B /* Info.plist */ = {isa = PBXFileReference; lastKnownFileType = text.plist.xml; path = Info.plist; sourceTree = "<group>"; };
		D4AE87701DBEBF740018222B /* Marvel-HeroesTests.xctest */ = {isa = PBXFileReference; explicitFileType = wrapper.cfbundle; includeInIndex = 0; path = "Marvel-HeroesTests.xctest"; sourceTree = BUILT_PRODUCTS_DIR; };
		D4AE87741DBEBF740018222B /* Marvel_HeroesTests.m */ = {isa = PBXFileReference; lastKnownFileType = sourcecode.c.objc; path = Marvel_HeroesTests.m; sourceTree = "<group>"; };
		D4AE87761DBEBF740018222B /* Info.plist */ = {isa = PBXFileReference; lastKnownFileType = text.plist.xml; path = Info.plist; sourceTree = "<group>"; };
		D4AE877B1DBEBF740018222B /* Marvel-HeroesUITests.xctest */ = {isa = PBXFileReference; explicitFileType = wrapper.cfbundle; includeInIndex = 0; path = "Marvel-HeroesUITests.xctest"; sourceTree = BUILT_PRODUCTS_DIR; };
		D4AE877F1DBEBF740018222B /* Marvel_HeroesUITests.m */ = {isa = PBXFileReference; lastKnownFileType = sourcecode.c.objc; path = Marvel_HeroesUITests.m; sourceTree = "<group>"; };
		D4AE87811DBEBF740018222B /* Info.plist */ = {isa = PBXFileReference; lastKnownFileType = text.plist.xml; path = Info.plist; sourceTree = "<group>"; };
		D4AE878E1DBEC2600018222B /* JMHCollectionViewController.h */ = {isa = PBXFileReference; fileEncoding = 4; lastKnownFileType = sourcecode.c.h; path = JMHCollectionViewController.h; sourceTree = "<group>"; };
		D4AE878F1DBEC2600018222B /* JMHCollectionViewController.m */ = {isa = PBXFileReference; fileEncoding = 4; lastKnownFileType = sourcecode.c.objc; path = JMHCollectionViewController.m; sourceTree = "<group>"; };
		D4EDB0081DC11CB9001540DD /* JMHDetailViewController.h */ = {isa = PBXFileReference; fileEncoding = 4; lastKnownFileType = sourcecode.c.h; path = JMHDetailViewController.h; sourceTree = "<group>"; };
		D4EDB0091DC11CB9001540DD /* JMHDetailViewController.m */ = {isa = PBXFileReference; fileEncoding = 4; lastKnownFileType = sourcecode.c.objc; path = JMHDetailViewController.m; sourceTree = "<group>"; };
		DE3D3AC438DA77E568E8A392 /* Pods-Marvel-HeroesUITests.release.xcconfig */ = {isa = PBXFileReference; includeInIndex = 1; lastKnownFileType = text.xcconfig; name = "Pods-Marvel-HeroesUITests.release.xcconfig"; path = "Pods/Target Support Files/Pods-Marvel-HeroesUITests/Pods-Marvel-HeroesUITests.release.xcconfig"; sourceTree = "<group>"; };
		F8545EE33746780427E1F786 /* Pods-Marvel-Heroes.release.xcconfig */ = {isa = PBXFileReference; includeInIndex = 1; lastKnownFileType = text.xcconfig; name = "Pods-Marvel-Heroes.release.xcconfig"; path = "Pods/Target Support Files/Pods-Marvel-Heroes/Pods-Marvel-Heroes.release.xcconfig"; sourceTree = "<group>"; };
		FC5E1BCE4DE34F115789C4D9 /* libPods-Marvel-Heroes.a */ = {isa = PBXFileReference; explicitFileType = archive.ar; includeInIndex = 0; path = "libPods-Marvel-Heroes.a"; sourceTree = BUILT_PRODUCTS_DIR; };
/* End PBXFileReference section */

/* Begin PBXFrameworksBuildPhase section */
		D4AE87541DBEBF740018222B /* Frameworks */ = {
			isa = PBXFrameworksBuildPhase;
			buildActionMask = 2147483647;
			files = (
				FCF6F22F4923B3C2114CFC1B /* libPods-Marvel-Heroes.a in Frameworks */,
			);
			runOnlyForDeploymentPostprocessing = 0;
		};
		D4AE876D1DBEBF740018222B /* Frameworks */ = {
			isa = PBXFrameworksBuildPhase;
			buildActionMask = 2147483647;
			files = (
				D16D6B743AFD02FF9AD0009E /* libPods-Marvel-HeroesTests.a in Frameworks */,
			);
			runOnlyForDeploymentPostprocessing = 0;
		};
		D4AE87781DBEBF740018222B /* Frameworks */ = {
			isa = PBXFrameworksBuildPhase;
			buildActionMask = 2147483647;
			files = (
				5AFB8B6FA2F5B9FBD8FF63C1 /* libPods-Marvel-HeroesUITests.a in Frameworks */,
			);
			runOnlyForDeploymentPostprocessing = 0;
		};
/* End PBXFrameworksBuildPhase section */

/* Begin PBXGroup section */
		42BB1C1E29143A34B0240B26 /* Pods */ = {
			isa = PBXGroup;
			children = (
				7A2A623972B114A388D22C85 /* Pods-Marvel-Heroes.debug.xcconfig */,
				F8545EE33746780427E1F786 /* Pods-Marvel-Heroes.release.xcconfig */,
				BDD3501BA52875FA8E8CF338 /* Pods-Marvel-HeroesTests.debug.xcconfig */,
				AD35AFE64786C6C6ACD5574B /* Pods-Marvel-HeroesTests.release.xcconfig */,
				71E4289D1370C6034748251E /* Pods-Marvel-HeroesUITests.debug.xcconfig */,
				DE3D3AC438DA77E568E8A392 /* Pods-Marvel-HeroesUITests.release.xcconfig */,
			);
			name = Pods;
			sourceTree = "<group>";
		};
		7FC53F43AE0C2847FC4AEF14 /* Frameworks */ = {
			isa = PBXGroup;
			children = (
				FC5E1BCE4DE34F115789C4D9 /* libPods-Marvel-Heroes.a */,
				1081C0DB279530250909E72A /* libPods-Marvel-HeroesTests.a */,
				53BF8E36B3A189142A04CDC0 /* libPods-Marvel-HeroesUITests.a */,
			);
			name = Frameworks;
			sourceTree = "<group>";
		};
		D4AE874E1DBEBF740018222B = {
			isa = PBXGroup;
			children = (
				D4AE87591DBEBF740018222B /* Marvel-Heroes */,
				D4AE87731DBEBF740018222B /* Marvel-HeroesTests */,
				D4AE877E1DBEBF740018222B /* Marvel-HeroesUITests */,
				D4AE87581DBEBF740018222B /* Products */,
				42BB1C1E29143A34B0240B26 /* Pods */,
				7FC53F43AE0C2847FC4AEF14 /* Frameworks */,
			);
			sourceTree = "<group>";
		};
		D4AE87581DBEBF740018222B /* Products */ = {
			isa = PBXGroup;
			children = (
				D4AE87571DBEBF740018222B /* Marvel-Heroes.app */,
				D4AE87701DBEBF740018222B /* Marvel-HeroesTests.xctest */,
				D4AE877B1DBEBF740018222B /* Marvel-HeroesUITests.xctest */,
			);
			name = Products;
			sourceTree = "<group>";
		};
		D4AE87591DBEBF740018222B /* Marvel-Heroes */ = {
			isa = PBXGroup;
			children = (
				D4AE875D1DBEBF740018222B /* AppDelegate.h */,
				D4AE875E1DBEBF740018222B /* AppDelegate.m */,
				D4AE878E1DBEC2600018222B /* JMHCollectionViewController.h */,
				D4AE878F1DBEC2600018222B /* JMHCollectionViewController.m */,
				D4EDB0081DC11CB9001540DD /* JMHDetailViewController.h */,
				D4EDB0091DC11CB9001540DD /* JMHDetailViewController.m */,
				D4855E5F1DC14B5D00AACE10 /* JMHWebViewViewController.h */,
				D4855E601DC14B5D00AACE10 /* JMHWebViewViewController.m */,
				D498AF791DBFE32700ABF743 /* JMHCollectionViewCell.h */,
				D498AF7A1DBFE32700ABF743 /* JMHCollectionViewCell.m */,
				D498AF7F1DBFE70100ABF743 /* NetworkManager.h */,
				D498AF801DBFE70100ABF743 /* NetworkManager.m */,
				D498AF821DBFEA9000ABF743 /* HeroManager.h */,
				D498AF831DBFEA9000ABF743 /* HeroManager.m */,
				D498AF7C1DBFE59100ABF743 /* Hero.h */,
				D498AF7D1DBFE59100ABF743 /* Hero.m */,
				D4AE87631DBEBF740018222B /* Main.storyboard */,
				D4AE87661DBEBF740018222B /* Assets.xcassets */,
				D4AE878D1DBEBF8B0018222B /* Extra */,
				D4AE875A1DBEBF740018222B /* Supporting Files */,
			);
			path = "Marvel-Heroes";
			sourceTree = "<group>";
		};
		D4AE875A1DBEBF740018222B /* Supporting Files */ = {
			isa = PBXGroup;
			children = (
				D4AE875B1DBEBF740018222B /* main.m */,
			);
			name = "Supporting Files";
			sourceTree = "<group>";
		};
		D4AE87731DBEBF740018222B /* Marvel-HeroesTests */ = {
			isa = PBXGroup;
			children = (
				D4AE87741DBEBF740018222B /* Marvel_HeroesTests.m */,
				D4AE87761DBEBF740018222B /* Info.plist */,
			);
			path = "Marvel-HeroesTests";
			sourceTree = "<group>";
		};
		D4AE877E1DBEBF740018222B /* Marvel-HeroesUITests */ = {
			isa = PBXGroup;
			children = (
				D4AE877F1DBEBF740018222B /* Marvel_HeroesUITests.m */,
				D4AE87811DBEBF740018222B /* Info.plist */,
			);
			path = "Marvel-HeroesUITests";
			sourceTree = "<group>";
		};
		D4AE878D1DBEBF8B0018222B /* Extra */ = {
			isa = PBXGroup;
			children = (
				D4AE87681DBEBF740018222B /* LaunchScreen.storyboard */,
				D4AE876B1DBEBF740018222B /* Info.plist */,
			);
			name = Extra;
			sourceTree = "<group>";
		};
/* End PBXGroup section */

/* Begin PBXNativeTarget section */
		D4AE87561DBEBF740018222B /* Marvel-Heroes */ = {
			isa = PBXNativeTarget;
			buildConfigurationList = D4AE87841DBEBF740018222B /* Build configuration list for PBXNativeTarget "Marvel-Heroes" */;
			buildPhases = (
				76F0084241CCB0172D8935C7 /* [CP] Check Pods Manifest.lock */,
				D4AE87531DBEBF740018222B /* Sources */,
				D4AE87541DBEBF740018222B /* Frameworks */,
				D4AE87551DBEBF740018222B /* Resources */,
				C8738D16AD8C1075B7DCD516 /* [CP] Embed Pods Frameworks */,
				4BEDD00C16E5EDE0C2C75B0D /* [CP] Copy Pods Resources */,
			);
			buildRules = (
			);
			dependencies = (
			);
			name = "Marvel-Heroes";
			productName = "Marvel-Heroes";
			productReference = D4AE87571DBEBF740018222B /* Marvel-Heroes.app */;
			productType = "com.apple.product-type.application";
		};
		D4AE876F1DBEBF740018222B /* Marvel-HeroesTests */ = {
			isa = PBXNativeTarget;
			buildConfigurationList = D4AE87871DBEBF740018222B /* Build configuration list for PBXNativeTarget "Marvel-HeroesTests" */;
			buildPhases = (
				45C77879AABFDA95A30706B4 /* [CP] Check Pods Manifest.lock */,
				D4AE876C1DBEBF740018222B /* Sources */,
				D4AE876D1DBEBF740018222B /* Frameworks */,
				D4AE876E1DBEBF740018222B /* Resources */,
				FC60485028E4AD9BCDCC8ABE /* [CP] Embed Pods Frameworks */,
				D03FDA091BED87988B1EBE01 /* [CP] Copy Pods Resources */,
			);
			buildRules = (
			);
			dependencies = (
				D4AE87721DBEBF740018222B /* PBXTargetDependency */,
			);
			name = "Marvel-HeroesTests";
			productName = "Marvel-HeroesTests";
			productReference = D4AE87701DBEBF740018222B /* Marvel-HeroesTests.xctest */;
			productType = "com.apple.product-type.bundle.unit-test";
		};
		D4AE877A1DBEBF740018222B /* Marvel-HeroesUITests */ = {
			isa = PBXNativeTarget;
			buildConfigurationList = D4AE878A1DBEBF740018222B /* Build configuration list for PBXNativeTarget "Marvel-HeroesUITests" */;
			buildPhases = (
				19042447A0784F25D6E6367B /* [CP] Check Pods Manifest.lock */,
				D4AE87771DBEBF740018222B /* Sources */,
				D4AE87781DBEBF740018222B /* Frameworks */,
				D4AE87791DBEBF740018222B /* Resources */,
				E66E44E54762379C61FE9BE2 /* [CP] Embed Pods Frameworks */,
				782EE4BB9E5E8BB47A1A4D6D /* [CP] Copy Pods Resources */,
			);
			buildRules = (
			);
			dependencies = (
				D4AE877D1DBEBF740018222B /* PBXTargetDependency */,
			);
			name = "Marvel-HeroesUITests";
			productName = "Marvel-HeroesUITests";
			productReference = D4AE877B1DBEBF740018222B /* Marvel-HeroesUITests.xctest */;
			productType = "com.apple.product-type.bundle.ui-testing";
		};
/* End PBXNativeTarget section */

/* Begin PBXProject section */
		D4AE874F1DBEBF740018222B /* Project object */ = {
			isa = PBXProject;
			attributes = {
				LastUpgradeCheck = 0800;
				ORGANIZATIONNAME = Joey;
				TargetAttributes = {
					D4AE87561DBEBF740018222B = {
						CreatedOnToolsVersion = 8.0;
						DevelopmentTeam = T2WARM6VRQ;
						ProvisioningStyle = Automatic;
					};
					D4AE876F1DBEBF740018222B = {
						CreatedOnToolsVersion = 8.0;
						ProvisioningStyle = Automatic;
						TestTargetID = D4AE87561DBEBF740018222B;
					};
					D4AE877A1DBEBF740018222B = {
						CreatedOnToolsVersion = 8.0;
						ProvisioningStyle = Automatic;
						TestTargetID = D4AE87561DBEBF740018222B;
					};
				};
			};
			buildConfigurationList = D4AE87521DBEBF740018222B /* Build configuration list for PBXProject "Marvel-Heroes" */;
			compatibilityVersion = "Xcode 3.2";
			developmentRegion = English;
			hasScannedForEncodings = 0;
			knownRegions = (
				en,
				Base,
			);
			mainGroup = D4AE874E1DBEBF740018222B;
			productRefGroup = D4AE87581DBEBF740018222B /* Products */;
			projectDirPath = "";
			projectRoot = "";
			targets = (
				D4AE87561DBEBF740018222B /* Marvel-Heroes */,
				D4AE876F1DBEBF740018222B /* Marvel-HeroesTests */,
				D4AE877A1DBEBF740018222B /* Marvel-HeroesUITests */,
			);
		};
/* End PBXProject section */

/* Begin PBXResourcesBuildPhase section */
		D4AE87551DBEBF740018222B /* Resources */ = {
			isa = PBXResourcesBuildPhase;
			buildActionMask = 2147483647;
			files = (
				D4AE876A1DBEBF740018222B /* LaunchScreen.storyboard in Resources */,
				D4AE87671DBEBF740018222B /* Assets.xcassets in Resources */,
				D4AE87651DBEBF740018222B /* Main.storyboard in Resources */,
			);
			runOnlyForDeploymentPostprocessing = 0;
		};
		D4AE876E1DBEBF740018222B /* Resources */ = {
			isa = PBXResourcesBuildPhase;
			buildActionMask = 2147483647;
			files = (
			);
			runOnlyForDeploymentPostprocessing = 0;
		};
		D4AE87791DBEBF740018222B /* Resources */ = {
			isa = PBXResourcesBuildPhase;
			buildActionMask = 2147483647;
			files = (
			);
			runOnlyForDeploymentPostprocessing = 0;
		};
/* End PBXResourcesBuildPhase section */

/* Begin PBXShellScriptBuildPhase section */
		19042447A0784F25D6E6367B /* [CP] Check Pods Manifest.lock */ = {
			isa = PBXShellScriptBuildPhase;
			buildActionMask = 2147483647;
			files = (
			);
			inputPaths = (
			);
			name = "[CP] Check Pods Manifest.lock";
			outputPaths = (
			);
			runOnlyForDeploymentPostprocessing = 0;
			shellPath = /bin/sh;
			shellScript = "diff \"${PODS_ROOT}/../Podfile.lock\" \"${PODS_ROOT}/Manifest.lock\" > /dev/null\nif [ $? != 0 ] ; then\n    # print error to STDERR\n    echo \"error: The sandbox is not in sync with the Podfile.lock. Run 'pod install' or update your CocoaPods installation.\" >&2\n    exit 1\nfi\n";
			showEnvVarsInLog = 0;
		};
		45C77879AABFDA95A30706B4 /* [CP] Check Pods Manifest.lock */ = {
			isa = PBXShellScriptBuildPhase;
			buildActionMask = 2147483647;
			files = (
			);
			inputPaths = (
			);
			name = "[CP] Check Pods Manifest.lock";
			outputPaths = (
			);
			runOnlyForDeploymentPostprocessing = 0;
			shellPath = /bin/sh;
			shellScript = "diff \"${PODS_ROOT}/../Podfile.lock\" \"${PODS_ROOT}/Manifest.lock\" > /dev/null\nif [ $? != 0 ] ; then\n    # print error to STDERR\n    echo \"error: The sandbox is not in sync with the Podfile.lock. Run 'pod install' or update your CocoaPods installation.\" >&2\n    exit 1\nfi\n";
			showEnvVarsInLog = 0;
		};
		4BEDD00C16E5EDE0C2C75B0D /* [CP] Copy Pods Resources */ = {
			isa = PBXShellScriptBuildPhase;
			buildActionMask = 2147483647;
			files = (
			);
			inputPaths = (
			);
			name = "[CP] Copy Pods Resources";
			outputPaths = (
			);
			runOnlyForDeploymentPostprocessing = 0;
			shellPath = /bin/sh;
			shellScript = "\"${SRCROOT}/Pods/Target Support Files/Pods-Marvel-Heroes/Pods-Marvel-Heroes-resources.sh\"\n";
			showEnvVarsInLog = 0;
		};
		76F0084241CCB0172D8935C7 /* [CP] Check Pods Manifest.lock */ = {
			isa = PBXShellScriptBuildPhase;
			buildActionMask = 2147483647;
			files = (
			);
			inputPaths = (
			);
			name = "[CP] Check Pods Manifest.lock";
			outputPaths = (
			);
			runOnlyForDeploymentPostprocessing = 0;
			shellPath = /bin/sh;
			shellScript = "diff \"${PODS_ROOT}/../Podfile.lock\" \"${PODS_ROOT}/Manifest.lock\" > /dev/null\nif [ $? != 0 ] ; then\n    # print error to STDERR\n    echo \"error: The sandbox is not in sync with the Podfile.lock. Run 'pod install' or update your CocoaPods installation.\" >&2\n    exit 1\nfi\n";
			showEnvVarsInLog = 0;
		};
		782EE4BB9E5E8BB47A1A4D6D /* [CP] Copy Pods Resources */ = {
			isa = PBXShellScriptBuildPhase;
			buildActionMask = 2147483647;
			files = (
			);
			inputPaths = (
			);
			name = "[CP] Copy Pods Resources";
			outputPaths = (
			);
			runOnlyForDeploymentPostprocessing = 0;
			shellPath = /bin/sh;
			shellScript = "\"${SRCROOT}/Pods/Target Support Files/Pods-Marvel-HeroesUITests/Pods-Marvel-HeroesUITests-resources.sh\"\n";
			showEnvVarsInLog = 0;
		};
		C8738D16AD8C1075B7DCD516 /* [CP] Embed Pods Frameworks */ = {
			isa = PBXShellScriptBuildPhase;
			buildActionMask = 2147483647;
			files = (
			);
			inputPaths = (
			);
			name = "[CP] Embed Pods Frameworks";
			outputPaths = (
			);
			runOnlyForDeploymentPostprocessing = 0;
			shellPath = /bin/sh;
			shellScript = "\"${SRCROOT}/Pods/Target Support Files/Pods-Marvel-Heroes/Pods-Marvel-Heroes-frameworks.sh\"\n";
			showEnvVarsInLog = 0;
		};
		D03FDA091BED87988B1EBE01 /* [CP] Copy Pods Resources */ = {
			isa = PBXShellScriptBuildPhase;
			buildActionMask = 2147483647;
			files = (
			);
			inputPaths = (
			);
			name = "[CP] Copy Pods Resources";
			outputPaths = (
			);
			runOnlyForDeploymentPostprocessing = 0;
			shellPath = /bin/sh;
			shellScript = "\"${SRCROOT}/Pods/Target Support Files/Pods-Marvel-HeroesTests/Pods-Marvel-HeroesTests-resources.sh\"\n";
			showEnvVarsInLog = 0;
		};
		E66E44E54762379C61FE9BE2 /* [CP] Embed Pods Frameworks */ = {
			isa = PBXShellScriptBuildPhase;
			buildActionMask = 2147483647;
			files = (
			);
			inputPaths = (
			);
			name = "[CP] Embed Pods Frameworks";
			outputPaths = (
			);
			runOnlyForDeploymentPostprocessing = 0;
			shellPath = /bin/sh;
			shellScript = "\"${SRCROOT}/Pods/Target Support Files/Pods-Marvel-HeroesUITests/Pods-Marvel-HeroesUITests-frameworks.sh\"\n";
			showEnvVarsInLog = 0;
		};
		FC60485028E4AD9BCDCC8ABE /* [CP] Embed Pods Frameworks */ = {
			isa = PBXShellScriptBuildPhase;
			buildActionMask = 2147483647;
			files = (
			);
			inputPaths = (
			);
			name = "[CP] Embed Pods Frameworks";
			outputPaths = (
			);
			runOnlyForDeploymentPostprocessing = 0;
			shellPath = /bin/sh;
			shellScript = "\"${SRCROOT}/Pods/Target Support Files/Pods-Marvel-HeroesTests/Pods-Marvel-HeroesTests-frameworks.sh\"\n";
			showEnvVarsInLog = 0;
		};
/* End PBXShellScriptBuildPhase section */

/* Begin PBXSourcesBuildPhase section */
		D4AE87531DBEBF740018222B /* Sources */ = {
			isa = PBXSourcesBuildPhase;
			buildActionMask = 2147483647;
			files = (
				D498AF7E1DBFE59100ABF743 /* Hero.m in Sources */,
				D498AF7B1DBFE32700ABF743 /* JMHCollectionViewCell.m in Sources */,
				D4AE87901DBEC2600018222B /* JMHCollectionViewController.m in Sources */,
				D498AF841DBFEA9000ABF743 /* HeroManager.m in Sources */,
				D4855E611DC14B5D00AACE10 /* JMHWebViewViewController.m in Sources */,
				D4AE875F1DBEBF740018222B /* AppDelegate.m in Sources */,
				D4EDB00A1DC11CB9001540DD /* JMHDetailViewController.m in Sources */,
				D498AF811DBFE70100ABF743 /* NetworkManager.m in Sources */,
				D4AE875C1DBEBF740018222B /* main.m in Sources */,
			);
			runOnlyForDeploymentPostprocessing = 0;
		};
		D4AE876C1DBEBF740018222B /* Sources */ = {
			isa = PBXSourcesBuildPhase;
			buildActionMask = 2147483647;
			files = (
				D4AE87751DBEBF740018222B /* Marvel_HeroesTests.m in Sources */,
			);
			runOnlyForDeploymentPostprocessing = 0;
		};
		D4AE87771DBEBF740018222B /* Sources */ = {
			isa = PBXSourcesBuildPhase;
			buildActionMask = 2147483647;
			files = (
				D4AE87801DBEBF740018222B /* Marvel_HeroesUITests.m in Sources */,
			);
			runOnlyForDeploymentPostprocessing = 0;
		};
/* End PBXSourcesBuildPhase section */

/* Begin PBXTargetDependency section */
		D4AE87721DBEBF740018222B /* PBXTargetDependency */ = {
			isa = PBXTargetDependency;
			target = D4AE87561DBEBF740018222B /* Marvel-Heroes */;
			targetProxy = D4AE87711DBEBF740018222B /* PBXContainerItemProxy */;
		};
		D4AE877D1DBEBF740018222B /* PBXTargetDependency */ = {
			isa = PBXTargetDependency;
			target = D4AE87561DBEBF740018222B /* Marvel-Heroes */;
			targetProxy = D4AE877C1DBEBF740018222B /* PBXContainerItemProxy */;
		};
/* End PBXTargetDependency section */

/* Begin PBXVariantGroup section */
		D4AE87631DBEBF740018222B /* Main.storyboard */ = {
			isa = PBXVariantGroup;
			children = (
				D4AE87641DBEBF740018222B /* Base */,
			);
			name = Main.storyboard;
			sourceTree = "<group>";
		};
		D4AE87681DBEBF740018222B /* LaunchScreen.storyboard */ = {
			isa = PBXVariantGroup;
			children = (
				D4AE87691DBEBF740018222B /* Base */,
			);
			name = LaunchScreen.storyboard;
			sourceTree = "<group>";
		};
/* End PBXVariantGroup section */

/* Begin XCBuildConfiguration section */
		D4AE87821DBEBF740018222B /* Debug */ = {
			isa = XCBuildConfiguration;
			buildSettings = {
				ALWAYS_SEARCH_USER_PATHS = NO;
				CLANG_ANALYZER_NONNULL = YES;
				CLANG_CXX_LANGUAGE_STANDARD = "gnu++0x";
				CLANG_CXX_LIBRARY = "libc++";
				CLANG_ENABLE_MODULES = YES;
				CLANG_ENABLE_OBJC_ARC = YES;
				CLANG_WARN_BOOL_CONVERSION = YES;
				CLANG_WARN_CONSTANT_CONVERSION = YES;
				CLANG_WARN_DIRECT_OBJC_ISA_USAGE = YES_ERROR;
				CLANG_WARN_DOCUMENTATION_COMMENTS = YES;
				CLANG_WARN_EMPTY_BODY = YES;
				CLANG_WARN_ENUM_CONVERSION = YES;
				CLANG_WARN_INFINITE_RECURSION = YES;
				CLANG_WARN_INT_CONVERSION = YES;
				CLANG_WARN_OBJC_ROOT_CLASS = YES_ERROR;
				CLANG_WARN_SUSPICIOUS_MOVE = YES;
				CLANG_WARN_SUSPICIOUS_MOVES = YES;
				CLANG_WARN_UNREACHABLE_CODE = YES;
				CLANG_WARN__DUPLICATE_METHOD_MATCH = YES;
				"CODE_SIGN_IDENTITY[sdk=iphoneos*]" = "iPhone Developer";
				COPY_PHASE_STRIP = NO;
				DEBUG_INFORMATION_FORMAT = dwarf;
				ENABLE_STRICT_OBJC_MSGSEND = YES;
				ENABLE_TESTABILITY = YES;
				GCC_C_LANGUAGE_STANDARD = gnu99;
				GCC_DYNAMIC_NO_PIC = NO;
				GCC_NO_COMMON_BLOCKS = YES;
				GCC_OPTIMIZATION_LEVEL = 0;
				GCC_PREPROCESSOR_DEFINITIONS = (
					"DEBUG=1",
					"$(inherited)",
				);
				GCC_WARN_64_TO_32_BIT_CONVERSION = YES;
				GCC_WARN_ABOUT_RETURN_TYPE = YES_ERROR;
				GCC_WARN_UNDECLARED_SELECTOR = YES;
				GCC_WARN_UNINITIALIZED_AUTOS = YES_AGGRESSIVE;
				GCC_WARN_UNUSED_FUNCTION = YES;
				GCC_WARN_UNUSED_VARIABLE = YES;
				IPHONEOS_DEPLOYMENT_TARGET = 10.0;
				MTL_ENABLE_DEBUG_INFO = YES;
				ONLY_ACTIVE_ARCH = YES;
				SDKROOT = iphoneos;
			};
			name = Debug;
		};
		D4AE87831DBEBF740018222B /* Release */ = {
			isa = XCBuildConfiguration;
			buildSettings = {
				ALWAYS_SEARCH_USER_PATHS = NO;
				CLANG_ANALYZER_NONNULL = YES;
				CLANG_CXX_LANGUAGE_STANDARD = "gnu++0x";
				CLANG_CXX_LIBRARY = "libc++";
				CLANG_ENABLE_MODULES = YES;
				CLANG_ENABLE_OBJC_ARC = YES;
				CLANG_WARN_BOOL_CONVERSION = YES;
				CLANG_WARN_CONSTANT_CONVERSION = YES;
				CLANG_WARN_DIRECT_OBJC_ISA_USAGE = YES_ERROR;
				CLANG_WARN_DOCUMENTATION_COMMENTS = YES;
				CLANG_WARN_EMPTY_BODY = YES;
				CLANG_WARN_ENUM_CONVERSION = YES;
				CLANG_WARN_INFINITE_RECURSION = YES;
				CLANG_WARN_INT_CONVERSION = YES;
				CLANG_WARN_OBJC_ROOT_CLASS = YES_ERROR;
				CLANG_WARN_SUSPICIOUS_MOVE = YES;
				CLANG_WARN_SUSPICIOUS_MOVES = YES;
				CLANG_WARN_UNREACHABLE_CODE = YES;
				CLANG_WARN__DUPLICATE_METHOD_MATCH = YES;
				"CODE_SIGN_IDENTITY[sdk=iphoneos*]" = "iPhone Developer";
				COPY_PHASE_STRIP = NO;
				DEBUG_INFORMATION_FORMAT = "dwarf-with-dsym";
				ENABLE_NS_ASSERTIONS = NO;
				ENABLE_STRICT_OBJC_MSGSEND = YES;
				GCC_C_LANGUAGE_STANDARD = gnu99;
				GCC_NO_COMMON_BLOCKS = YES;
				GCC_WARN_64_TO_32_BIT_CONVERSION = YES;
				GCC_WARN_ABOUT_RETURN_TYPE = YES_ERROR;
				GCC_WARN_UNDECLARED_SELECTOR = YES;
				GCC_WARN_UNINITIALIZED_AUTOS = YES_AGGRESSIVE;
				GCC_WARN_UNUSED_FUNCTION = YES;
				GCC_WARN_UNUSED_VARIABLE = YES;
				IPHONEOS_DEPLOYMENT_TARGET = 10.0;
				MTL_ENABLE_DEBUG_INFO = NO;
				SDKROOT = iphoneos;
				VALIDATE_PRODUCT = YES;
			};
			name = Release;
		};
		D4AE87851DBEBF740018222B /* Debug */ = {
			isa = XCBuildConfiguration;
			baseConfigurationReference = 7A2A623972B114A388D22C85 /* Pods-Marvel-Heroes.debug.xcconfig */;
			buildSettings = {
				ASSETCATALOG_COMPILER_APPICON_NAME = AppIcon;
				DEVELOPMENT_TEAM = T2WARM6VRQ;
				INFOPLIST_FILE = "Marvel-Heroes/Info.plist";
				LD_RUNPATH_SEARCH_PATHS = "$(inherited) @executable_path/Frameworks";
				PRODUCT_BUNDLE_IDENTIFIER = "com.jsherratt.Marvel-Heroes.Marvel-Heroes";
				PRODUCT_NAME = "$(TARGET_NAME)";
			};
			name = Debug;
		};
		D4AE87861DBEBF740018222B /* Release */ = {
			isa = XCBuildConfiguration;
			baseConfigurationReference = F8545EE33746780427E1F786 /* Pods-Marvel-Heroes.release.xcconfig */;
			buildSettings = {
				ASSETCATALOG_COMPILER_APPICON_NAME = AppIcon;
				DEVELOPMENT_TEAM = T2WARM6VRQ;
				INFOPLIST_FILE = "Marvel-Heroes/Info.plist";
				LD_RUNPATH_SEARCH_PATHS = "$(inherited) @executable_path/Frameworks";
				PRODUCT_BUNDLE_IDENTIFIER = "com.jsherratt.Marvel-Heroes.Marvel-Heroes";
				PRODUCT_NAME = "$(TARGET_NAME)";
			};
			name = Release;
		};
		D4AE87881DBEBF740018222B /* Debug */ = {
			isa = XCBuildConfiguration;
			baseConfigurationReference = BDD3501BA52875FA8E8CF338 /* Pods-Marvel-HeroesTests.debug.xcconfig */;
			buildSettings = {
				BUNDLE_LOADER = "$(TEST_HOST)";
				INFOPLIST_FILE = "Marvel-HeroesTests/Info.plist";
				LD_RUNPATH_SEARCH_PATHS = "$(inherited) @executable_path/Frameworks @loader_path/Frameworks";
				PRODUCT_BUNDLE_IDENTIFIER = "com.jsherratt.Marvel-Heroes.Marvel-HeroesTests";
				PRODUCT_NAME = "$(TARGET_NAME)";
				TEST_HOST = "$(BUILT_PRODUCTS_DIR)/Marvel-Heroes.app/Marvel-Heroes";
			};
			name = Debug;
		};
		D4AE87891DBEBF740018222B /* Release */ = {
			isa = XCBuildConfiguration;
			baseConfigurationReference = AD35AFE64786C6C6ACD5574B /* Pods-Marvel-HeroesTests.release.xcconfig */;
			buildSettings = {
				BUNDLE_LOADER = "$(TEST_HOST)";
				INFOPLIST_FILE = "Marvel-HeroesTests/Info.plist";
				LD_RUNPATH_SEARCH_PATHS = "$(inherited) @executable_path/Frameworks @loader_path/Frameworks";
				PRODUCT_BUNDLE_IDENTIFIER = "com.jsherratt.Marvel-Heroes.Marvel-HeroesTests";
				PRODUCT_NAME = "$(TARGET_NAME)";
				TEST_HOST = "$(BUILT_PRODUCTS_DIR)/Marvel-Heroes.app/Marvel-Heroes";
			};
			name = Release;
		};
		D4AE878B1DBEBF740018222B /* Debug */ = {
			isa = XCBuildConfiguration;
			baseConfigurationReference = 71E4289D1370C6034748251E /* Pods-Marvel-HeroesUITests.debug.xcconfig */;
			buildSettings = {
				INFOPLIST_FILE = "Marvel-HeroesUITests/Info.plist";
				LD_RUNPATH_SEARCH_PATHS = "$(inherited) @executable_path/Frameworks @loader_path/Frameworks";
				PRODUCT_BUNDLE_IDENTIFIER = "com.jsherratt.Marvel-Heroes.Marvel-HeroesUITests";
				PRODUCT_NAME = "$(TARGET_NAME)";
				TEST_TARGET_NAME = "Marvel-Heroes";
			};
			name = Debug;
		};
		D4AE878C1DBEBF740018222B /* Release */ = {
			isa = XCBuildConfiguration;
			baseConfigurationReference = DE3D3AC438DA77E568E8A392 /* Pods-Marvel-HeroesUITests.release.xcconfig */;
			buildSettings = {
				INFOPLIST_FILE = "Marvel-HeroesUITests/Info.plist";
				LD_RUNPATH_SEARCH_PATHS = "$(inherited) @executable_path/Frameworks @loader_path/Frameworks";
				PRODUCT_BUNDLE_IDENTIFIER = "com.jsherratt.Marvel-Heroes.Marvel-HeroesUITests";
				PRODUCT_NAME = "$(TARGET_NAME)";
				TEST_TARGET_NAME = "Marvel-Heroes";
			};
			name = Release;
		};
/* End XCBuildConfiguration section */

/* Begin XCConfigurationList section */
		D4AE87521DBEBF740018222B /* Build configuration list for PBXProject "Marvel-Heroes" */ = {
			isa = XCConfigurationList;
			buildConfigurations = (
				D4AE87821DBEBF740018222B /* Debug */,
				D4AE87831DBEBF740018222B /* Release */,
			);
			defaultConfigurationIsVisible = 0;
			defaultConfigurationName = Release;
		};
		D4AE87841DBEBF740018222B /* Build configuration list for PBXNativeTarget "Marvel-Heroes" */ = {
			isa = XCConfigurationList;
			buildConfigurations = (
				D4AE87851DBEBF740018222B /* Debug */,
				D4AE87861DBEBF740018222B /* Release */,
			);
			defaultConfigurationIsVisible = 0;
			defaultConfigurationName = Release;
		};
		D4AE87871DBEBF740018222B /* Build configuration list for PBXNativeTarget "Marvel-HeroesTests" */ = {
			isa = XCConfigurationList;
			buildConfigurations = (
				D4AE87881DBEBF740018222B /* Debug */,
				D4AE87891DBEBF740018222B /* Release */,
			);
			defaultConfigurationIsVisible = 0;
			defaultConfigurationName = Release;
		};
		D4AE878A1DBEBF740018222B /* Build configuration list for PBXNativeTarget "Marvel-HeroesUITests" */ = {
			isa = XCConfigurationList;
			buildConfigurations = (
				D4AE878B1DBEBF740018222B /* Debug */,
				D4AE878C1DBEBF740018222B /* Release */,
			);
			defaultConfigurationIsVisible = 0;
			defaultConfigurationName = Release;
		};
/* End XCConfigurationList section */
	};
	rootObject = D4AE874F1DBEBF740018222B /* Project object */;
}
