// !$*UTF8*$!
{
	archiveVersion = 1;
	classes = {
	};
	objectVersion = 46;
	objects = {

/* Begin PBXBuildFile section */
		D4AE875C1DBEBF740018222B /* main.m in Sources */ = {isa = PBXBuildFile; fileRef = D4AE875B1DBEBF740018222B /* main.m */; };
		D4AE875F1DBEBF740018222B /* AppDelegate.m in Sources */ = {isa = PBXBuildFile; fileRef = D4AE875E1DBEBF740018222B /* AppDelegate.m */; };
		D4AE87651DBEBF740018222B /* Main.storyboard in Resources */ = {isa = PBXBuildFile; fileRef = D4AE87631DBEBF740018222B /* Main.storyboard */; };
		D4AE87671DBEBF740018222B /* Assets.xcassets in Resources */ = {isa = PBXBuildFile; fileRef = D4AE87661DBEBF740018222B /* Assets.xcassets */; };
		D4AE876A1DBEBF740018222B /* LaunchScreen.storyboard in Resources */ = {isa = PBXBuildFile; fileRef = D4AE87681DBEBF740018222B /* LaunchScreen.storyboard */; };
		D4AE87751DBEBF740018222B /* Marvel_HeroesTests.m in Sources */ = {isa = PBXBuildFile; fileRef = D4AE87741DBEBF740018222B /* Marvel_HeroesTests.m */; };
		D4AE87801DBEBF740018222B /* Marvel_HeroesUITests.m in Sources */ = {isa = PBXBuildFile; fileRef = D4AE877F1DBEBF740018222B /* Marvel_HeroesUITests.m */; };
		D4AE87901DBEC2600018222B /* JMHCollectionViewController.m in Sources */ = {isa = PBXBuildFile; fileRef = D4AE878F1DBEC2600018222B /* JMHCollectionViewController.m */; };
/* End PBXBuildFile section */

/* Begin PBXContainerItemProxy section */
		D4AE87711DBEBF740018222B /* PBXContainerItemProxy */ = {
			isa = PBXContainerItemProxy;
			containerPortal = D4AE874F1DBEBF740018222B /* Project object */;
			proxyType = 1;
			remoteGlobalIDString = D4AE87561DBEBF740018222B;
			remoteInfo = "Marvel-Heroes";
		};
		D4AE877C1DBEBF740018222B /* PBXContainerItemProxy */ = {
			isa = PBXContainerItemProxy;
			containerPortal = D4AE874F1DBEBF740018222B /* Project object */;
			proxyType = 1;
			remoteGlobalIDString = D4AE87561DBEBF740018222B;
			remoteInfo = "Marvel-Heroes";
		};
/* End PBXContainerItemProxy section */

/* Begin PBXFileReference section */
		D4AE87571DBEBF740018222B /* Marvel-Heroes.app */ = {isa = PBXFileReference; explicitFileType = wrapper.application; includeInIndex = 0; path = "Marvel-Heroes.app"; sourceTree = BUILT_PRODUCTS_DIR; };
		D4AE875B1DBEBF740018222B /* main.m */ = {isa = PBXFileReference; lastKnownFileType = sourcecode.c.objc; path = main.m; sourceTree = "<group>"; };
		D4AE875D1DBEBF740018222B /* AppDelegate.h */ = {isa = PBXFileReference; lastKnownFileType = sourcecode.c.h; path = AppDelegate.h; sourceTree = "<group>"; };
		D4AE875E1DBEBF740018222B /* AppDelegate.m */ = {isa = PBXFileReference; lastKnownFileType = sourcecode.c.objc; path = AppDelegate.m; sourceTree = "<group>"; };
		D4AE87641DBEBF740018222B /* Base */ = {isa = PBXFileReference; lastKnownFileType = file.storyboard; name = Base; path = Base.lproj/Main.storyboard; sourceTree = "<group>"; };
		D4AE87661DBEBF740018222B /* Assets.xcassets */ = {isa = PBXFileReference; lastKnownFileType = folder.assetcatalog; path = Assets.xcassets; sourceTree = "<group>"; };
		D4AE87691DBEBF740018222B /* Base */ = {isa = PBXFileReference; lastKnownFileType = file.storyboard; name = Base; path = Base.lproj/LaunchScreen.storyboard; sourceTree = "<group>"; };
		D4AE876B1DBEBF740018222B /* Info.plist */ = {isa = PBXFileReference; lastKnownFileType = text.plist.xml; path = Info.plist; sourceTree = "<group>"; };
		D4AE87701DBEBF740018222B /* Marvel-HeroesTests.xctest */ = {isa = PBXFileReference; explicitFileType = wrapper.cfbundle; includeInIndex = 0; path = "Marvel-HeroesTests.xctest"; sourceTree = BUILT_PRODUCTS_DIR; };
		D4AE87741DBEBF740018222B /* Marvel_HeroesTests.m */ = {isa = PBXFileReference; lastKnownFileType = sourcecode.c.objc; path = Marvel_HeroesTests.m; sourceTree = "<group>"; };
		D4AE87761DBEBF740018222B /* Info.plist */ = {isa = PBXFileReference; lastKnownFileType = text.plist.xml; path = Info.plist; sourceTree = "<group>"; };
		D4AE877B1DBEBF740018222B /* Marvel-HeroesUITests.xctest */ = {isa = PBXFileReference; explicitFileType = wrapper.cfbundle; includeInIndex = 0; path = "Marvel-HeroesUITests.xctest"; sourceTree = BUILT_PRODUCTS_DIR; };
		D4AE877F1DBEBF740018222B /* Marvel_HeroesUITests.m */ = {isa = PBXFileReference; lastKnownFileType = sourcecode.c.objc; path = Marvel_HeroesUITests.m; sourceTree = "<group>"; };
		D4AE87811DBEBF740018222B /* Info.plist */ = {isa = PBXFileReference; lastKnownFileType = text.plist.xml; path = Info.plist; sourceTree = "<group>"; };
		D4AE878E1DBEC2600018222B /* JMHCollectionViewController.h */ = {isa = PBXFileReference; fileEncoding = 4; lastKnownFileType = sourcecode.c.h; path = JMHCollectionViewController.h; sourceTree = "<group>"; };
		D4AE878F1DBEC2600018222B /* JMHCollectionViewController.m */ = {isa = PBXFileReference; fileEncoding = 4; lastKnownFileType = sourcecode.c.objc; path = JMHCollectionViewController.m; sourceTree = "<group>"; };
/* End PBXFileReference section */

/* Begin PBXFrameworksBuildPhase section */
		D4AE87541DBEBF740018222B /* Frameworks */ = {
			isa = PBXFrameworksBuildPhase;
			buildActionMask = 2147483647;
			files = (
			);
			runOnlyForDeploymentPostprocessing = 0;
		};
		D4AE876D1DBEBF740018222B /* Frameworks */ = {
			isa = PBXFrameworksBuildPhase;
			buildActionMask = 2147483647;
			files = (
			);
			runOnlyForDeploymentPostprocessing = 0;
		};
		D4AE87781DBEBF740018222B /* Frameworks */ = {
			isa = PBXFrameworksBuildPhase;
			buildActionMask = 2147483647;
			files = (
			);
			runOnlyForDeploymentPostprocessing = 0;
		};
/* End PBXFrameworksBuildPhase section */

/* Begin PBXGroup section */
		D4AE874E1DBEBF740018222B = {
			isa = PBXGroup;
			children = (
				D4AE87591DBEBF740018222B /* Marvel-Heroes */,
				D4AE87731DBEBF740018222B /* Marvel-HeroesTests */,
				D4AE877E1DBEBF740018222B /* Marvel-HeroesUITests */,
				D4AE87581DBEBF740018222B /* Products */,
			);
			sourceTree = "<group>";
		};
		D4AE87581DBEBF740018222B /* Products */ = {
			isa = PBXGroup;
			children = (
				D4AE87571DBEBF740018222B /* Marvel-Heroes.app */,
				D4AE87701DBEBF740018222B /* Marvel-HeroesTests.xctest */,
				D4AE877B1DBEBF740018222B /* Marvel-HeroesUITests.xctest */,
			);
			name = Products;
			sourceTree = "<group>";
		};
		D4AE87591DBEBF740018222B /* Marvel-Heroes */ = {
			isa = PBXGroup;
			children = (
				D4AE875D1DBEBF740018222B /* AppDelegate.h */,
				D4AE875E1DBEBF740018222B /* AppDelegate.m */,
				D4AE878E1DBEC2600018222B /* JMHCollectionViewController.h */,
				D4AE878F1DBEC2600018222B /* JMHCollectionViewController.m */,
				D4AE87631DBEBF740018222B /* Main.storyboard */,
				D4AE87661DBEBF740018222B /* Assets.xcassets */,
				D4AE878D1DBEBF8B0018222B /* Extra */,
				D4AE875A1DBEBF740018222B /* Supporting Files */,
			);
			path = "Marvel-Heroes";
			sourceTree = "<group>";
		};
		D4AE875A1DBEBF740018222B /* Supporting Files */ = {
			isa = PBXGroup;
			children = (
				D4AE875B1DBEBF740018222B /* main.m */,
			);
			name = "Supporting Files";
			sourceTree = "<group>";
		};
		D4AE87731DBEBF740018222B /* Marvel-HeroesTests */ = {
			isa = PBXGroup;
			children = (
				D4AE87741DBEBF740018222B /* Marvel_HeroesTests.m */,
				D4AE87761DBEBF740018222B /* Info.plist */,
			);
			path = "Marvel-HeroesTests";
			sourceTree = "<group>";
		};
		D4AE877E1DBEBF740018222B /* Marvel-HeroesUITests */ = {
			isa = PBXGroup;
			children = (
				D4AE877F1DBEBF740018222B /* Marvel_HeroesUITests.m */,
				D4AE87811DBEBF740018222B /* Info.plist */,
			);
			path = "Marvel-HeroesUITests";
			sourceTree = "<group>";
		};
		D4AE878D1DBEBF8B0018222B /* Extra */ = {
			isa = PBXGroup;
			children = (
				D4AE87681DBEBF740018222B /* LaunchScreen.storyboard */,
				D4AE876B1DBEBF740018222B /* Info.plist */,
			);
			name = Extra;
			sourceTree = "<group>";
		};
/* End PBXGroup section */

/* Begin PBXNativeTarget section */
		D4AE87561DBEBF740018222B /* Marvel-Heroes */ = {
			isa = PBXNativeTarget;
			buildConfigurationList = D4AE87841DBEBF740018222B /* Build configuration list for PBXNativeTarget "Marvel-Heroes" */;
			buildPhases = (
				D4AE87531DBEBF740018222B /* Sources */,
				D4AE87541DBEBF740018222B /* Frameworks */,
				D4AE87551DBEBF740018222B /* Resources */,
			);
			buildRules = (
			);
			dependencies = (
			);
			name = "Marvel-Heroes";
			productName = "Marvel-Heroes";
			productReference = D4AE87571DBEBF740018222B /* Marvel-Heroes.app */;
			productType = "com.apple.product-type.application";
		};
		D4AE876F1DBEBF740018222B /* Marvel-HeroesTests */ = {
			isa = PBXNativeTarget;
			buildConfigurationList = D4AE87871DBEBF740018222B /* Build configuration list for PBXNativeTarget "Marvel-HeroesTests" */;
			buildPhases = (
				D4AE876C1DBEBF740018222B /* Sources */,
				D4AE876D1DBEBF740018222B /* Frameworks */,
				D4AE876E1DBEBF740018222B /* Resources */,
			);
			buildRules = (
			);
			dependencies = (
				D4AE87721DBEBF740018222B /* PBXTargetDependency */,
			);
			name = "Marvel-HeroesTests";
			productName = "Marvel-HeroesTests";
			productReference = D4AE87701DBEBF740018222B /* Marvel-HeroesTests.xctest */;
			productType = "com.apple.product-type.bundle.unit-test";
		};
		D4AE877A1DBEBF740018222B /* Marvel-HeroesUITests */ = {
			isa = PBXNativeTarget;
			buildConfigurationList = D4AE878A1DBEBF740018222B /* Build configuration list for PBXNativeTarget "Marvel-HeroesUITests" */;
			buildPhases = (
				D4AE87771DBEBF740018222B /* Sources */,
				D4AE87781DBEBF740018222B /* Frameworks */,
				D4AE87791DBEBF740018222B /* Resources */,
			);
			buildRules = (
			);
			dependencies = (
				D4AE877D1DBEBF740018222B /* PBXTargetDependency */,
			);
			name = "Marvel-HeroesUITests";
			productName = "Marvel-HeroesUITests";
			productReference = D4AE877B1DBEBF740018222B /* Marvel-HeroesUITests.xctest */;
			productType = "com.apple.product-type.bundle.ui-testing";
		};
/* End PBXNativeTarget section */

/* Begin PBXProject section */
		D4AE874F1DBEBF740018222B /* Project object */ = {
			isa = PBXProject;
			attributes = {
				LastUpgradeCheck = 0800;
				ORGANIZATIONNAME = Joey;
				TargetAttributes = {
					D4AE87561DBEBF740018222B = {
						CreatedOnToolsVersion = 8.0;
						DevelopmentTeam = T2WARM6VRQ;
						ProvisioningStyle = Automatic;
					};
					D4AE876F1DBEBF740018222B = {
						CreatedOnToolsVersion = 8.0;
						ProvisioningStyle = Automatic;
						TestTargetID = D4AE87561DBEBF740018222B;
					};
					D4AE877A1DBEBF740018222B = {
						CreatedOnToolsVersion = 8.0;
						ProvisioningStyle = Automatic;
						TestTargetID = D4AE87561DBEBF740018222B;
					};
				};
			};
			buildConfigurationList = D4AE87521DBEBF740018222B /* Build configuration list for PBXProject "Marvel-Heroes" */;
			compatibilityVersion = "Xcode 3.2";
			developmentRegion = English;
			hasScannedForEncodings = 0;
			knownRegions = (
				en,
				Base,
			);
			mainGroup = D4AE874E1DBEBF740018222B;
			productRefGroup = D4AE87581DBEBF740018222B /* Products */;
			projectDirPath = "";
			projectRoot = "";
			targets = (
				D4AE87561DBEBF740018222B /* Marvel-Heroes */,
				D4AE876F1DBEBF740018222B /* Marvel-HeroesTests */,
				D4AE877A1DBEBF740018222B /* Marvel-HeroesUITests */,
			);
		};
/* End PBXProject section */

/* Begin PBXResourcesBuildPhase section */
		D4AE87551DBEBF740018222B /* Resources */ = {
			isa = PBXResourcesBuildPhase;
			buildActionMask = 2147483647;
			files = (
				D4AE876A1DBEBF740018222B /* LaunchScreen.storyboard in Resources */,
				D4AE87671DBEBF740018222B /* Assets.xcassets in Resources */,
				D4AE87651DBEBF740018222B /* Main.storyboard in Resources */,
			);
			runOnlyForDeploymentPostprocessing = 0;
		};
		D4AE876E1DBEBF740018222B /* Resources */ = {
			isa = PBXResourcesBuildPhase;
			buildActionMask = 2147483647;
			files = (
			);
			runOnlyForDeploymentPostprocessing = 0;
		};
		D4AE87791DBEBF740018222B /* Resources */ = {
			isa = PBXResourcesBuildPhase;
			buildActionMask = 2147483647;
			files = (
			);
			runOnlyForDeploymentPostprocessing = 0;
		};
/* End PBXResourcesBuildPhase section */

/* Begin PBXSourcesBuildPhase section */
		D4AE87531DBEBF740018222B /* Sources */ = {
			isa = PBXSourcesBuildPhase;
			buildActionMask = 2147483647;
			files = (
				D4AE87901DBEC2600018222B /* JMHCollectionViewController.m in Sources */,
				D4AE875F1DBEBF740018222B /* AppDelegate.m in Sources */,
				D4AE875C1DBEBF740018222B /* main.m in Sources */,
			);
			runOnlyForDeploymentPostprocessing = 0;
		};
		D4AE876C1DBEBF740018222B /* Sources */ = {
			isa = PBXSourcesBuildPhase;
			buildActionMask = 2147483647;
			files = (
				D4AE87751DBEBF740018222B /* Marvel_HeroesTests.m in Sources */,
			);
			runOnlyForDeploymentPostprocessing = 0;
		};
		D4AE87771DBEBF740018222B /* Sources */ = {
			isa = PBXSourcesBuildPhase;
			buildActionMask = 2147483647;
			files = (
				D4AE87801DBEBF740018222B /* Marvel_HeroesUITests.m in Sources */,
			);
			runOnlyForDeploymentPostprocessing = 0;
		};
/* End PBXSourcesBuildPhase section */

/* Begin PBXTargetDependency section */
		D4AE87721DBEBF740018222B /* PBXTargetDependency */ = {
			isa = PBXTargetDependency;
			target = D4AE87561DBEBF740018222B /* Marvel-Heroes */;
			targetProxy = D4AE87711DBEBF740018222B /* PBXContainerItemProxy */;
		};
		D4AE877D1DBEBF740018222B /* PBXTargetDependency */ = {
			isa = PBXTargetDependency;
			target = D4AE87561DBEBF740018222B /* Marvel-Heroes */;
			targetProxy = D4AE877C1DBEBF740018222B /* PBXContainerItemProxy */;
		};
/* End PBXTargetDependency section */

/* Begin PBXVariantGroup section */
		D4AE87631DBEBF740018222B /* Main.storyboard */ = {
			isa = PBXVariantGroup;
			children = (
				D4AE87641DBEBF740018222B /* Base */,
			);
			name = Main.storyboard;
			sourceTree = "<group>";
		};
		D4AE87681DBEBF740018222B /* LaunchScreen.storyboard */ = {
			isa = PBXVariantGroup;
			children = (
				D4AE87691DBEBF740018222B /* Base */,
			);
			name = LaunchScreen.storyboard;
			sourceTree = "<group>";
		};
/* End PBXVariantGroup section */

/* Begin XCBuildConfiguration section */
		D4AE87821DBEBF740018222B /* Debug */ = {
			isa = XCBuildConfiguration;
			buildSettings = {
				ALWAYS_SEARCH_USER_PATHS = NO;
				CLANG_ANALYZER_NONNULL = YES;
				CLANG_CXX_LANGUAGE_STANDARD = "gnu++0x";
				CLANG_CXX_LIBRARY = "libc++";
				CLANG_ENABLE_MODULES = YES;
				CLANG_ENABLE_OBJC_ARC = YES;
				CLANG_WARN_BOOL_CONVERSION = YES;
				CLANG_WARN_CONSTANT_CONVERSION = YES;
				CLANG_WARN_DIRECT_OBJC_ISA_USAGE = YES_ERROR;
				CLANG_WARN_DOCUMENTATION_COMMENTS = YES;
				CLANG_WARN_EMPTY_BODY = YES;
				CLANG_WARN_ENUM_CONVERSION = YES;
				CLANG_WARN_INFINITE_RECURSION = YES;
				CLANG_WARN_INT_CONVERSION = YES;
				CLANG_WARN_OBJC_ROOT_CLASS = YES_ERROR;
				CLANG_WARN_SUSPICIOUS_MOVES = YES;
				CLANG_WARN_UNREACHABLE_CODE = YES;
				CLANG_WARN__DUPLICATE_METHOD_MATCH = YES;
				"CODE_SIGN_IDENTITY[sdk=iphoneos*]" = "iPhone Developer";
				COPY_PHASE_STRIP = NO;
				DEBUG_INFORMATION_FORMAT = dwarf;
				ENABLE_STRICT_OBJC_MSGSEND = YES;
				ENABLE_TESTABILITY = YES;
				GCC_C_LANGUAGE_STANDARD = gnu99;
				GCC_DYNAMIC_NO_PIC = NO;
				GCC_NO_COMMON_BLOCKS = YES;
				GCC_OPTIMIZATION_LEVEL = 0;
				GCC_PREPROCESSOR_DEFINITIONS = (
					"DEBUG=1",
					"$(inherited)",
				);
				GCC_WARN_64_TO_32_BIT_CONVERSION = YES;
				GCC_WARN_ABOUT_RETURN_TYPE = YES_ERROR;
				GCC_WARN_UNDECLARED_SELECTOR = YES;
				GCC_WARN_UNINITIALIZED_AUTOS = YES_AGGRESSIVE;
				GCC_WARN_UNUSED_FUNCTION = YES;
				GCC_WARN_UNUSED_VARIABLE = YES;
				IPHONEOS_DEPLOYMENT_TARGET = 10.0;
				MTL_ENABLE_DEBUG_INFO = YES;
				ONLY_ACTIVE_ARCH = YES;
				SDKROOT = iphoneos;
			};
			name = Debug;
		};
		D4AE87831DBEBF740018222B /* Release */ = {
			isa = XCBuildConfiguration;
			buildSettings = {
				ALWAYS_SEARCH_USER_PATHS = NO;
				CLANG_ANALYZER_NONNULL = YES;
				CLANG_CXX_LANGUAGE_STANDARD = "gnu++0x";
				CLANG_CXX_LIBRARY = "libc++";
				CLANG_ENABLE_MODULES = YES;
				CLANG_ENABLE_OBJC_ARC = YES;
				CLANG_WARN_BOOL_CONVERSION = YES;
				CLANG_WARN_CONSTANT_CONVERSION = YES;
				CLANG_WARN_DIRECT_OBJC_ISA_USAGE = YES_ERROR;
				CLANG_WARN_DOCUMENTATION_COMMENTS = YES;
				CLANG_WARN_EMPTY_BODY = YES;
				CLANG_WARN_ENUM_CONVERSION = YES;
				CLANG_WARN_INFINITE_RECURSION = YES;
				CLANG_WARN_INT_CONVERSION = YES;
				CLANG_WARN_OBJC_ROOT_CLASS = YES_ERROR;
				CLANG_WARN_SUSPICIOUS_MOVES = YES;
				CLANG_WARN_UNREACHABLE_CODE = YES;
				CLANG_WARN__DUPLICATE_METHOD_MATCH = YES;
				"CODE_SIGN_IDENTITY[sdk=iphoneos*]" = "iPhone Developer";
				COPY_PHASE_STRIP = NO;
				DEBUG_INFORMATION_FORMAT = "dwarf-with-dsym";
				ENABLE_NS_ASSERTIONS = NO;
				ENABLE_STRICT_OBJC_MSGSEND = YES;
				GCC_C_LANGUAGE_STANDARD = gnu99;
				GCC_NO_COMMON_BLOCKS = YES;
				GCC_WARN_64_TO_32_BIT_CONVERSION = YES;
				GCC_WARN_ABOUT_RETURN_TYPE = YES_ERROR;
				GCC_WARN_UNDECLARED_SELECTOR = YES;
				GCC_WARN_UNINITIALIZED_AUTOS = YES_AGGRESSIVE;
				GCC_WARN_UNUSED_FUNCTION = YES;
				GCC_WARN_UNUSED_VARIABLE = YES;
				IPHONEOS_DEPLOYMENT_TARGET = 10.0;
				MTL_ENABLE_DEBUG_INFO = NO;
				SDKROOT = iphoneos;
				VALIDATE_PRODUCT = YES;
			};
			name = Release;
		};
		D4AE87851DBEBF740018222B /* Debug */ = {
			isa = XCBuildConfiguration;
			buildSettings = {
				ASSETCATALOG_COMPILER_APPICON_NAME = AppIcon;
				DEVELOPMENT_TEAM = T2WARM6VRQ;
				INFOPLIST_FILE = "Marvel-Heroes/Info.plist";
				LD_RUNPATH_SEARCH_PATHS = "$(inherited) @executable_path/Frameworks";
				PRODUCT_BUNDLE_IDENTIFIER = "com.jsherratt.Marvel-Heroes.Marvel-Heroes";
				PRODUCT_NAME = "$(TARGET_NAME)";
			};
			name = Debug;
		};
		D4AE87861DBEBF740018222B /* Release */ = {
			isa = XCBuildConfiguration;
			buildSettings = {
				ASSETCATALOG_COMPILER_APPICON_NAME = AppIcon;
				DEVELOPMENT_TEAM = T2WARM6VRQ;
				INFOPLIST_FILE = "Marvel-Heroes/Info.plist";
				LD_RUNPATH_SEARCH_PATHS = "$(inherited) @executable_path/Frameworks";
				PRODUCT_BUNDLE_IDENTIFIER = "com.jsherratt.Marvel-Heroes.Marvel-Heroes";
				PRODUCT_NAME = "$(TARGET_NAME)";
			};
			name = Release;
		};
		D4AE87881DBEBF740018222B /* Debug */ = {
			isa = XCBuildConfiguration;
			buildSettings = {
				BUNDLE_LOADER = "$(TEST_HOST)";
				INFOPLIST_FILE = "Marvel-HeroesTests/Info.plist";
				LD_RUNPATH_SEARCH_PATHS = "$(inherited) @executable_path/Frameworks @loader_path/Frameworks";
				PRODUCT_BUNDLE_IDENTIFIER = "com.jsherratt.Marvel-Heroes.Marvel-HeroesTests";
				PRODUCT_NAME = "$(TARGET_NAME)";
				TEST_HOST = "$(BUILT_PRODUCTS_DIR)/Marvel-Heroes.app/Marvel-Heroes";
			};
			name = Debug;
		};
		D4AE87891DBEBF740018222B /* Release */ = {
			isa = XCBuildConfiguration;
			buildSettings = {
				BUNDLE_LOADER = "$(TEST_HOST)";
				INFOPLIST_FILE = "Marvel-HeroesTests/Info.plist";
				LD_RUNPATH_SEARCH_PATHS = "$(inherited) @executable_path/Frameworks @loader_path/Frameworks";
				PRODUCT_BUNDLE_IDENTIFIER = "com.jsherratt.Marvel-Heroes.Marvel-HeroesTests";
				PRODUCT_NAME = "$(TARGET_NAME)";
				TEST_HOST = "$(BUILT_PRODUCTS_DIR)/Marvel-Heroes.app/Marvel-Heroes";
			};
			name = Release;
		};
		D4AE878B1DBEBF740018222B /* Debug */ = {
			isa = XCBuildConfiguration;
			buildSettings = {
				INFOPLIST_FILE = "Marvel-HeroesUITests/Info.plist";
				LD_RUNPATH_SEARCH_PATHS = "$(inherited) @executable_path/Frameworks @loader_path/Frameworks";
				PRODUCT_BUNDLE_IDENTIFIER = "com.jsherratt.Marvel-Heroes.Marvel-HeroesUITests";
				PRODUCT_NAME = "$(TARGET_NAME)";
				TEST_TARGET_NAME = "Marvel-Heroes";
			};
			name = Debug;
		};
		D4AE878C1DBEBF740018222B /* Release */ = {
			isa = XCBuildConfiguration;
			buildSettings = {
				INFOPLIST_FILE = "Marvel-HeroesUITests/Info.plist";
				LD_RUNPATH_SEARCH_PATHS = "$(inherited) @executable_path/Frameworks @loader_path/Frameworks";
				PRODUCT_BUNDLE_IDENTIFIER = "com.jsherratt.Marvel-Heroes.Marvel-HeroesUITests";
				PRODUCT_NAME = "$(TARGET_NAME)";
				TEST_TARGET_NAME = "Marvel-Heroes";
			};
			name = Release;
		};
/* End XCBuildConfiguration section */

/* Begin XCConfigurationList section */
		D4AE87521DBEBF740018222B /* Build configuration list for PBXProject "Marvel-Heroes" */ = {
			isa = XCConfigurationList;
			buildConfigurations = (
				D4AE87821DBEBF740018222B /* Debug */,
				D4AE87831DBEBF740018222B /* Release */,
			);
			defaultConfigurationIsVisible = 0;
			defaultConfigurationName = Release;
		};
		D4AE87841DBEBF740018222B /* Build configuration list for PBXNativeTarget "Marvel-Heroes" */ = {
			isa = XCConfigurationList;
			buildConfigurations = (
				D4AE87851DBEBF740018222B /* Debug */,
				D4AE87861DBEBF740018222B /* Release */,
			);
			defaultConfigurationIsVisible = 0;
		};
		D4AE87871DBEBF740018222B /* Build configuration list for PBXNativeTarget "Marvel-HeroesTests" */ = {
			isa = XCConfigurationList;
			buildConfigurations = (
				D4AE87881DBEBF740018222B /* Debug */,
				D4AE87891DBEBF740018222B /* Release */,
			);
			defaultConfigurationIsVisible = 0;
		};
		D4AE878A1DBEBF740018222B /* Build configuration list for PBXNativeTarget "Marvel-HeroesUITests" */ = {
			isa = XCConfigurationList;
			buildConfigurations = (
				D4AE878B1DBEBF740018222B /* Debug */,
				D4AE878C1DBEBF740018222B /* Release */,
			);
			defaultConfigurationIsVisible = 0;
		};
/* End XCConfigurationList section */
	};
	rootObject = D4AE874F1DBEBF740018222B /* Project object */;
}
